
Microsoft Visual Studio Solution File, Format Version 12.00
# Visual Studio Version 16
VisualStudioVersion = 16.0.31911.196
MinimumVisualStudioVersion = 10.0.40219.1
Project("{FAE04EC0-301F-11D3-BF4B-00C04F79EFBC}") = "Booking Up For Beauty", "Booking Up For Beauty\Booking Up For Beauty.csproj", "{024286AD-F08D-4434-8939-6C1EBB5A01B2}"
EndProject
Global
	GlobalSection(SolutionConfigurationPlatforms) = preSolution
		Debug|Any CPU = Debug|Any CPU
		Release|Any CPU = Release|Any CPU
	EndGlobalSection
	GlobalSection(ProjectConfigurationPlatforms) = postSolution
		{024286AD-F08D-4434-8939-6C1EBB5A01B2}.Debug|Any CPU.ActiveCfg = Debug|Any CPU
		{024286AD-F08D-4434-8939-6C1EBB5A01B2}.Debug|Any CPU.Build.0 = Debug|Any CPU
		{024286AD-F08D-4434-8939-6C1EBB5A01B2}.Release|Any CPU.ActiveCfg = Release|Any CPU
		{024286AD-F08D-4434-8939-6C1EBB5A01B2}.Release|Any CPU.Build.0 = Release|Any CPU
	EndGlobalSection
	GlobalSection(SolutionProperties) = preSolution
		HideSolutionNode = FALSE
	EndGlobalSection
	GlobalSection(ExtensibilityGlobals) = postSolution
		SolutionGuid = {AB2079DA-5478-4BC9-AE99-89B9DC98A59F}
	EndGlobalSection
EndGlobal
