
Microsoft Visual Studio Solution File, Format Version 12.00
# Visual Studio Version 16
VisualStudioVersion = 16.0.31911.196
MinimumVisualStudioVersion = 10.0.40219.1
Project("{FAE04EC0-301F-11D3-BF4B-00C04F79EFBC}") = "Cars Assemble", "Cars Assemble\Cars Assemble.csproj", "{06B98232-AFFA-4A30-8C66-964AA2BDCCCC}"
EndProject
Global
	GlobalSection(SolutionConfigurationPlatforms) = preSolution
		Debug|Any CPU = Debug|Any CPU
		Release|Any CPU = Release|Any CPU
	EndGlobalSection
	GlobalSection(ProjectConfigurationPlatforms) = postSolution
		{06B98232-AFFA-4A30-8C66-964AA2BDCCCC}.Debug|Any CPU.ActiveCfg = Debug|Any CPU
		{06B98232-AFFA-4A30-8C66-964AA2BDCCCC}.Debug|Any CPU.Build.0 = Debug|Any CPU
		{06B98232-AFFA-4A30-8C66-964AA2BDCCCC}.Release|Any CPU.ActiveCfg = Release|Any CPU
		{06B98232-AFFA-4A30-8C66-964AA2BDCCCC}.Release|Any CPU.Build.0 = Release|Any CPU
	EndGlobalSection
	GlobalSection(SolutionProperties) = preSolution
		HideSolutionNode = FALSE
	EndGlobalSection
	GlobalSection(ExtensibilityGlobals) = postSolution
		SolutionGuid = {8C27DCC9-B01A-46E0-BF56-55EB413C2147}
	EndGlobalSection
EndGlobal
